// !$*UTF8*$!
{
	archiveVersion = 1;
	classes = {
	};
	objectVersion = 77;
	objects = {

/* Begin PBXBuildFile section */
		ED7BF6AA2E28BB10001B1A13 /* InlineSnapshotTesting in Frameworks */ = {isa = PBXBuildFile; productRef = ED7BF6A92E28BB10001B1A13 /* InlineSnapshotTesting */; };
		ED7BF6AC2E28BB10001B1A13 /* SnapshotTesting in Frameworks */ = {isa = PBXBuildFile; productRef = ED7BF6AB2E28BB10001B1A13 /* SnapshotTesting */; };
		ED7BF6AE2E28BB10001B1A13 /* SnapshotTestingCustomDump in Frameworks */ = {isa = PBXBuildFile; productRef = ED7BF6AD2E28BB10001B1A13 /* SnapshotTestingCustomDump */; };
/* End PBXBuildFile section */

/* Begin PBXContainerItemProxy section */
		ED7BF6A32E28BAFA001B1A13 /* PBXContainerItemProxy */ = {
			isa = PBXContainerItemProxy;
			containerPortal = EDE72A4B2DFA1E9900275A0D /* Project object */;
			proxyType = 1;
			remoteGlobalIDString = EDE72A522DFA1E9900275A0D;
			remoteInfo = YP_Tracker;
		};
/* End PBXContainerItemProxy section */

/* Begin PBXFileReference section */
		ED7BF69F2E28BAFA001B1A13 /* YP_TrackerTests.xctest */ = {isa = PBXFileReference; explicitFileType = wrapper.cfbundle; includeInIndex = 0; path = YP_TrackerTests.xctest; sourceTree = BUILT_PRODUCTS_DIR; };
		EDE72A532DFA1E9900275A0D /* YP_Tracker.app */ = {isa = PBXFileReference; explicitFileType = wrapper.application; includeInIndex = 0; path = YP_Tracker.app; sourceTree = BUILT_PRODUCTS_DIR; };
/* End PBXFileReference section */

/* Begin PBXFileSystemSynchronizedBuildFileExceptionSet section */
		EDE72A652DFA1E9B00275A0D /* Exceptions for "YP_Tracker" folder in "YP_Tracker" target */ = {
			isa = PBXFileSystemSynchronizedBuildFileExceptionSet;
			membershipExceptions = (
				Info.plist,
			);
			target = EDE72A522DFA1E9900275A0D /* YP_Tracker */;
		};
/* End PBXFileSystemSynchronizedBuildFileExceptionSet section */

/* Begin PBXFileSystemSynchronizedRootGroup section */
		ED7BF6A02E28BAFA001B1A13 /* YP_TrackerTests */ = {
			isa = PBXFileSystemSynchronizedRootGroup;
			path = YP_TrackerTests;
			sourceTree = "<group>";
		};
		EDE72A552DFA1E9900275A0D /* YP_Tracker */ = {
			isa = PBXFileSystemSynchronizedRootGroup;
			exceptions = (
				EDE72A652DFA1E9B00275A0D /* Exceptions for "YP_Tracker" folder in "YP_Tracker" target */,
			);
			path = YP_Tracker;
			sourceTree = "<group>";
		};
/* End PBXFileSystemSynchronizedRootGroup section */

/* Begin PBXFrameworksBuildPhase section */
		ED7BF69C2E28BAFA001B1A13 /* Frameworks */ = {
			isa = PBXFrameworksBuildPhase;
			buildActionMask = 2147483647;
			files = (
				ED7BF6AE2E28BB10001B1A13 /* SnapshotTestingCustomDump in Frameworks */,
				ED7BF6AA2E28BB10001B1A13 /* InlineSnapshotTesting in Frameworks */,
				ED7BF6AC2E28BB10001B1A13 /* SnapshotTesting in Frameworks */,
			);
			runOnlyForDeploymentPostprocessing = 0;
		};
		EDE72A502DFA1E9900275A0D /* Frameworks */ = {
			isa = PBXFrameworksBuildPhase;
			buildActionMask = 2147483647;
			files = (
			);
			runOnlyForDeploymentPostprocessing = 0;
		};
/* End PBXFrameworksBuildPhase section */

/* Begin PBXGroup section */
		EDE72A4A2DFA1E9900275A0D = {
			isa = PBXGroup;
			children = (
				EDE72A552DFA1E9900275A0D /* YP_Tracker */,
				ED7BF6A02E28BAFA001B1A13 /* YP_TrackerTests */,
				EDE72A542DFA1E9900275A0D /* Products */,
			);
			sourceTree = "<group>";
		};
		EDE72A542DFA1E9900275A0D /* Products */ = {
			isa = PBXGroup;
			children = (
				EDE72A532DFA1E9900275A0D /* YP_Tracker.app */,
				ED7BF69F2E28BAFA001B1A13 /* YP_TrackerTests.xctest */,
			);
			name = Products;
			sourceTree = "<group>";
		};
/* End PBXGroup section */

/* Begin PBXNativeTarget section */
		ED7BF69E2E28BAFA001B1A13 /* YP_TrackerTests */ = {
			isa = PBXNativeTarget;
			buildConfigurationList = ED7BF6A52E28BAFA001B1A13 /* Build configuration list for PBXNativeTarget "YP_TrackerTests" */;
			buildPhases = (
				ED7BF69B2E28BAFA001B1A13 /* Sources */,
				ED7BF69C2E28BAFA001B1A13 /* Frameworks */,
				ED7BF69D2E28BAFA001B1A13 /* Resources */,
			);
			buildRules = (
			);
			dependencies = (
				ED7BF6A42E28BAFA001B1A13 /* PBXTargetDependency */,
			);
			fileSystemSynchronizedGroups = (
				ED7BF6A02E28BAFA001B1A13 /* YP_TrackerTests */,
			);
			name = YP_TrackerTests;
			packageProductDependencies = (
				ED7BF6A92E28BB10001B1A13 /* InlineSnapshotTesting */,
				ED7BF6AB2E28BB10001B1A13 /* SnapshotTesting */,
				ED7BF6AD2E28BB10001B1A13 /* SnapshotTestingCustomDump */,
			);
			productName = YP_TrackerTests;
			productReference = ED7BF69F2E28BAFA001B1A13 /* YP_TrackerTests.xctest */;
			productType = "com.apple.product-type.bundle.unit-test";
		};
		EDE72A522DFA1E9900275A0D /* YP_Tracker */ = {
			isa = PBXNativeTarget;
			buildConfigurationList = EDE72A662DFA1E9B00275A0D /* Build configuration list for PBXNativeTarget "YP_Tracker" */;
			buildPhases = (
				EDE72A4F2DFA1E9900275A0D /* Sources */,
				EDE72A502DFA1E9900275A0D /* Frameworks */,
				EDE72A512DFA1E9900275A0D /* Resources */,
			);
			buildRules = (
			);
			dependencies = (
			);
			fileSystemSynchronizedGroups = (
				EDE72A552DFA1E9900275A0D /* YP_Tracker */,
			);
			name = YP_Tracker;
			packageProductDependencies = (
			);
			productName = YP_Tracker;
			productReference = EDE72A532DFA1E9900275A0D /* YP_Tracker.app */;
			productType = "com.apple.product-type.application";
		};
/* End PBXNativeTarget section */

/* Begin PBXProject section */
		EDE72A4B2DFA1E9900275A0D /* Project object */ = {
			isa = PBXProject;
			attributes = {
				BuildIndependentTargetsInParallel = 1;
				LastSwiftUpdateCheck = 1640;
				LastUpgradeCheck = 1640;
				TargetAttributes = {
					ED7BF69E2E28BAFA001B1A13 = {
						CreatedOnToolsVersion = 16.4;
						TestTargetID = EDE72A522DFA1E9900275A0D;
					};
					EDE72A522DFA1E9900275A0D = {
						CreatedOnToolsVersion = 16.4;
					};
				};
			};
			buildConfigurationList = EDE72A4E2DFA1E9900275A0D /* Build configuration list for PBXProject "YP_Tracker" */;
			developmentRegion = en;
			hasScannedForEncodings = 0;
			knownRegions = (
				Base,
				ru,
				en,
			);
			mainGroup = EDE72A4A2DFA1E9900275A0D;
			minimizedProjectReferenceProxies = 1;
			packageReferences = (
				ED7BF6A82E28BB10001B1A13 /* XCRemoteSwiftPackageReference "swift-snapshot-testing" */,
			);
			preferredProjectObjectVersion = 77;
			productRefGroup = EDE72A542DFA1E9900275A0D /* Products */;
			projectDirPath = "";
			projectRoot = "";
			targets = (
				EDE72A522DFA1E9900275A0D /* YP_Tracker */,
				ED7BF69E2E28BAFA001B1A13 /* YP_TrackerTests */,
			);
		};
/* End PBXProject section */

/* Begin PBXResourcesBuildPhase section */
		ED7BF69D2E28BAFA001B1A13 /* Resources */ = {
			isa = PBXResourcesBuildPhase;
			buildActionMask = 2147483647;
			files = (
			);
			runOnlyForDeploymentPostprocessing = 0;
		};
		EDE72A512DFA1E9900275A0D /* Resources */ = {
			isa = PBXResourcesBuildPhase;
			buildActionMask = 2147483647;
			files = (
			);
			runOnlyForDeploymentPostprocessing = 0;
		};
/* End PBXResourcesBuildPhase section */

/* Begin PBXSourcesBuildPhase section */
		ED7BF69B2E28BAFA001B1A13 /* Sources */ = {
			isa = PBXSourcesBuildPhase;
			buildActionMask = 2147483647;
			files = (
			);
			runOnlyForDeploymentPostprocessing = 0;
		};
		EDE72A4F2DFA1E9900275A0D /* Sources */ = {
			isa = PBXSourcesBuildPhase;
			buildActionMask = 2147483647;
			files = (
			);
			runOnlyForDeploymentPostprocessing = 0;
		};
/* End PBXSourcesBuildPhase section */

/* Begin PBXTargetDependency section */
		ED7BF6A42E28BAFA001B1A13 /* PBXTargetDependency */ = {
			isa = PBXTargetDependency;
			target = EDE72A522DFA1E9900275A0D /* YP_Tracker */;
			targetProxy = ED7BF6A32E28BAFA001B1A13 /* PBXContainerItemProxy */;
		};
/* End PBXTargetDependency section */

/* Begin XCBuildConfiguration section */
		ED7BF6A62E28BAFA001B1A13 /* Debug */ = {
			isa = XCBuildConfiguration;
			buildSettings = {
				BUNDLE_LOADER = "$(TEST_HOST)";
				CODE_SIGN_STYLE = Automatic;
				CURRENT_PROJECT_VERSION = 1;
				DEVELOPMENT_TEAM = 6N825MKR9T;
				GENERATE_INFOPLIST_FILE = YES;
				MARKETING_VERSION = 1.0;
				PRODUCT_BUNDLE_IDENTIFIER = "sincerelymanny.YP-TrackerTests";
				PRODUCT_NAME = "$(TARGET_NAME)";
				SWIFT_EMIT_LOC_STRINGS = NO;
				SWIFT_VERSION = 5.0;
				TARGETED_DEVICE_FAMILY = "1,2";
				TEST_HOST = "$(BUILT_PRODUCTS_DIR)/YP_Tracker.app/$(BUNDLE_EXECUTABLE_FOLDER_PATH)/YP_Tracker";
			};
			name = Debug;
		};
		ED7BF6A72E28BAFA001B1A13 /* Release */ = {
			isa = XCBuildConfiguration;
			buildSettings = {
				BUNDLE_LOADER = "$(TEST_HOST)";
				CODE_SIGN_STYLE = Automatic;
				CURRENT_PROJECT_VERSION = 1;
				DEVELOPMENT_TEAM = 6N825MKR9T;
				GENERATE_INFOPLIST_FILE = YES;
				MARKETING_VERSION = 1.0;
				PRODUCT_BUNDLE_IDENTIFIER = "sincerelymanny.YP-TrackerTests";
				PRODUCT_NAME = "$(TARGET_NAME)";
				SWIFT_EMIT_LOC_STRINGS = NO;
				SWIFT_VERSION = 5.0;
				TARGETED_DEVICE_FAMILY = "1,2";
				TEST_HOST = "$(BUILT_PRODUCTS_DIR)/YP_Tracker.app/$(BUNDLE_EXECUTABLE_FOLDER_PATH)/YP_Tracker";
			};
			name = Release;
		};
		EDE72A672DFA1E9B00275A0D /* Debug */ = {
			isa = XCBuildConfiguration;
			buildSettings = {
				ASSETCATALOG_COMPILER_APPICON_NAME = AppIcon;
				ASSETCATALOG_COMPILER_GLOBAL_ACCENT_COLOR_NAME = AccentColor;
				CODE_SIGN_STYLE = Automatic;
				CURRENT_PROJECT_VERSION = 1;
				DEVELOPMENT_TEAM = 6N825MKR9T;
				GENERATE_INFOPLIST_FILE = YES;
				INFOPLIST_FILE = YP_Tracker/Info.plist;
				INFOPLIST_KEY_UIApplicationSupportsIndirectInputEvents = YES;
				INFOPLIST_KEY_UILaunchStoryboardName = LaunchScreen;
				INFOPLIST_KEY_UISupportedInterfaceOrientations_iPad = "UIInterfaceOrientationPortrait UIInterfaceOrientationPortraitUpsideDown UIInterfaceOrientationLandscapeLeft UIInterfaceOrientationLandscapeRight";
				INFOPLIST_KEY_UISupportedInterfaceOrientations_iPhone = "UIInterfaceOrientationPortrait UIInterfaceOrientationLandscapeLeft UIInterfaceOrientationLandscapeRight";
				IPHONEOS_DEPLOYMENT_TARGET = 17.0;
				LD_RUNPATH_SEARCH_PATHS = (
					"$(inherited)",
					"@executable_path/Frameworks",
				);
				MARKETING_VERSION = 1.0;
				PRODUCT_BUNDLE_IDENTIFIER = "sincerelymanny.practicum.YP-Tracker";
				PRODUCT_NAME = "$(TARGET_NAME)";
				SWIFT_EMIT_LOC_STRINGS = YES;
				SWIFT_VERSION = 5.0;
				TARGETED_DEVICE_FAMILY = "1,2";
			};
			name = Debug;
		};
		EDE72A682DFA1E9B00275A0D /* Release */ = {
			isa = XCBuildConfiguration;
			buildSettings = {
				ASSETCATALOG_COMPILER_APPICON_NAME = AppIcon;
				ASSETCATALOG_COMPILER_GLOBAL_ACCENT_COLOR_NAME = AccentColor;
				CODE_SIGN_STYLE = Automatic;
				CURRENT_PROJECT_VERSION = 1;
				DEVELOPMENT_TEAM = 6N825MKR9T;
				GENERATE_INFOPLIST_FILE = YES;
				INFOPLIST_FILE = YP_Tracker/Info.plist;
				INFOPLIST_KEY_UIApplicationSupportsIndirectInputEvents = YES;
				INFOPLIST_KEY_UILaunchStoryboardName = LaunchScreen;
				INFOPLIST_KEY_UISupportedInterfaceOrientations_iPad = "UIInterfaceOrientationPortrait UIInterfaceOrientationPortraitUpsideDown UIInterfaceOrientationLandscapeLeft UIInterfaceOrientationLandscapeRight";
				INFOPLIST_KEY_UISupportedInterfaceOrientations_iPhone = "UIInterfaceOrientationPortrait UIInterfaceOrientationLandscapeLeft UIInterfaceOrientationLandscapeRight";
				IPHONEOS_DEPLOYMENT_TARGET = 17.0;
				LD_RUNPATH_SEARCH_PATHS = (
					"$(inherited)",
					"@executable_path/Frameworks",
				);
				MARKETING_VERSION = 1.0;
				PRODUCT_BUNDLE_IDENTIFIER = "sincerelymanny.practicum.YP-Tracker";
				PRODUCT_NAME = "$(TARGET_NAME)";
				SWIFT_EMIT_LOC_STRINGS = YES;
				SWIFT_VERSION = 5.0;
				TARGETED_DEVICE_FAMILY = "1,2";
			};
			name = Release;
		};
		EDE72A692DFA1E9B00275A0D /* Debug */ = {
			isa = XCBuildConfiguration;
			buildSettings = {
				ALWAYS_SEARCH_USER_PATHS = NO;
				ASSETCATALOG_COMPILER_GENERATE_SWIFT_ASSET_SYMBOL_EXTENSIONS = YES;
				CLANG_ANALYZER_LOCALIZABILITY_NONLOCALIZED = YES;
				CLANG_ANALYZER_NONNULL = YES;
				CLANG_ANALYZER_NUMBER_OBJECT_CONVERSION = YES_AGGRESSIVE;
				CLANG_CXX_LANGUAGE_STANDARD = "gnu++20";
				CLANG_ENABLE_MODULES = YES;
				CLANG_ENABLE_OBJC_ARC = YES;
				CLANG_ENABLE_OBJC_WEAK = YES;
				CLANG_WARN_BLOCK_CAPTURE_AUTORELEASING = YES;
				CLANG_WARN_BOOL_CONVERSION = YES;
				CLANG_WARN_COMMA = YES;
				CLANG_WARN_CONSTANT_CONVERSION = YES;
				CLANG_WARN_DEPRECATED_OBJC_IMPLEMENTATIONS = YES;
				CLANG_WARN_DIRECT_OBJC_ISA_USAGE = YES_ERROR;
				CLANG_WARN_DOCUMENTATION_COMMENTS = YES;
				CLANG_WARN_EMPTY_BODY = YES;
				CLANG_WARN_ENUM_CONVERSION = YES;
				CLANG_WARN_INFINITE_RECURSION = YES;
				CLANG_WARN_INT_CONVERSION = YES;
				CLANG_WARN_NON_LITERAL_NULL_CONVERSION = YES;
				CLANG_WARN_OBJC_IMPLICIT_RETAIN_SELF = YES;
				CLANG_WARN_OBJC_LITERAL_CONVERSION = YES;
				CLANG_WARN_OBJC_ROOT_CLASS = YES_ERROR;
				CLANG_WARN_QUOTED_INCLUDE_IN_FRAMEWORK_HEADER = YES;
				CLANG_WARN_RANGE_LOOP_ANALYSIS = YES;
				CLANG_WARN_STRICT_PROTOTYPES = YES;
				CLANG_WARN_SUSPICIOUS_MOVE = YES;
				CLANG_WARN_UNGUARDED_AVAILABILITY = YES_AGGRESSIVE;
				CLANG_WARN_UNREACHABLE_CODE = YES;
				CLANG_WARN__DUPLICATE_METHOD_MATCH = YES;
				COPY_PHASE_STRIP = NO;
				DEBUG_INFORMATION_FORMAT = dwarf;
				DEVELOPMENT_TEAM = 6N825MKR9T;
				ENABLE_STRICT_OBJC_MSGSEND = YES;
				ENABLE_TESTABILITY = YES;
				ENABLE_USER_SCRIPT_SANDBOXING = YES;
				GCC_C_LANGUAGE_STANDARD = gnu17;
				GCC_DYNAMIC_NO_PIC = NO;
				GCC_NO_COMMON_BLOCKS = YES;
				GCC_OPTIMIZATION_LEVEL = 0;
				GCC_PREPROCESSOR_DEFINITIONS = (
					"DEBUG=1",
					"$(inherited)",
				);
				GCC_WARN_64_TO_32_BIT_CONVERSION = YES;
				GCC_WARN_ABOUT_RETURN_TYPE = YES_ERROR;
				GCC_WARN_UNDECLARED_SELECTOR = YES;
				GCC_WARN_UNINITIALIZED_AUTOS = YES_AGGRESSIVE;
				GCC_WARN_UNUSED_FUNCTION = YES;
				GCC_WARN_UNUSED_VARIABLE = YES;
				IPHONEOS_DEPLOYMENT_TARGET = 18.5;
				LOCALIZATION_PREFERS_STRING_CATALOGS = YES;
				MTL_ENABLE_DEBUG_INFO = INCLUDE_SOURCE;
				MTL_FAST_MATH = YES;
				ONLY_ACTIVE_ARCH = YES;
				SDKROOT = iphoneos;
				SWIFT_ACTIVE_COMPILATION_CONDITIONS = "DEBUG $(inherited)";
				SWIFT_EMIT_LOC_STRINGS = YES;
				SWIFT_OPTIMIZATION_LEVEL = "-Onone";
			};
			name = Debug;
		};
		EDE72A6A2DFA1E9B00275A0D /* Release */ = {
			isa = XCBuildConfiguration;
			buildSettings = {
				ALWAYS_SEARCH_USER_PATHS = NO;
				ASSETCATALOG_COMPILER_GENERATE_SWIFT_ASSET_SYMBOL_EXTENSIONS = YES;
				CLANG_ANALYZER_LOCALIZABILITY_NONLOCALIZED = YES;
				CLANG_ANALYZER_NONNULL = YES;
				CLANG_ANALYZER_NUMBER_OBJECT_CONVERSION = YES_AGGRESSIVE;
				CLANG_CXX_LANGUAGE_STANDARD = "gnu++20";
				CLANG_ENABLE_MODULES = YES;
				CLANG_ENABLE_OBJC_ARC = YES;
				CLANG_ENABLE_OBJC_WEAK = YES;
				CLANG_WARN_BLOCK_CAPTURE_AUTORELEASING = YES;
				CLANG_WARN_BOOL_CONVERSION = YES;
				CLANG_WARN_COMMA = YES;
				CLANG_WARN_CONSTANT_CONVERSION = YES;
				CLANG_WARN_DEPRECATED_OBJC_IMPLEMENTATIONS = YES;
				CLANG_WARN_DIRECT_OBJC_ISA_USAGE = YES_ERROR;
				CLANG_WARN_DOCUMENTATION_COMMENTS = YES;
				CLANG_WARN_EMPTY_BODY = YES;
				CLANG_WARN_ENUM_CONVERSION = YES;
				CLANG_WARN_INFINITE_RECURSION = YES;
				CLANG_WARN_INT_CONVERSION = YES;
				CLANG_WARN_NON_LITERAL_NULL_CONVERSION = YES;
				CLANG_WARN_OBJC_IMPLICIT_RETAIN_SELF = YES;
				CLANG_WARN_OBJC_LITERAL_CONVERSION = YES;
				CLANG_WARN_OBJC_ROOT_CLASS = YES_ERROR;
				CLANG_WARN_QUOTED_INCLUDE_IN_FRAMEWORK_HEADER = YES;
				CLANG_WARN_RANGE_LOOP_ANALYSIS = YES;
				CLANG_WARN_STRICT_PROTOTYPES = YES;
				CLANG_WARN_SUSPICIOUS_MOVE = YES;
				CLANG_WARN_UNGUARDED_AVAILABILITY = YES_AGGRESSIVE;
				CLANG_WARN_UNREACHABLE_CODE = YES;
				CLANG_WARN__DUPLICATE_METHOD_MATCH = YES;
				COPY_PHASE_STRIP = NO;
				DEBUG_INFORMATION_FORMAT = "dwarf-with-dsym";
				DEVELOPMENT_TEAM = 6N825MKR9T;
				ENABLE_NS_ASSERTIONS = NO;
				ENABLE_STRICT_OBJC_MSGSEND = YES;
				ENABLE_USER_SCRIPT_SANDBOXING = YES;
				GCC_C_LANGUAGE_STANDARD = gnu17;
				GCC_NO_COMMON_BLOCKS = YES;
				GCC_WARN_64_TO_32_BIT_CONVERSION = YES;
				GCC_WARN_ABOUT_RETURN_TYPE = YES_ERROR;
				GCC_WARN_UNDECLARED_SELECTOR = YES;
				GCC_WARN_UNINITIALIZED_AUTOS = YES_AGGRESSIVE;
				GCC_WARN_UNUSED_FUNCTION = YES;
				GCC_WARN_UNUSED_VARIABLE = YES;
				IPHONEOS_DEPLOYMENT_TARGET = 18.5;
				LOCALIZATION_PREFERS_STRING_CATALOGS = YES;
				MTL_ENABLE_DEBUG_INFO = NO;
				MTL_FAST_MATH = YES;
				SDKROOT = iphoneos;
				SWIFT_COMPILATION_MODE = wholemodule;
				SWIFT_EMIT_LOC_STRINGS = YES;
				VALIDATE_PRODUCT = YES;
			};
			name = Release;
		};
/* End XCBuildConfiguration section */

/* Begin XCConfigurationList section */
		ED7BF6A52E28BAFA001B1A13 /* Build configuration list for PBXNativeTarget "YP_TrackerTests" */ = {
			isa = XCConfigurationList;
			buildConfigurations = (
				ED7BF6A62E28BAFA001B1A13 /* Debug */,
				ED7BF6A72E28BAFA001B1A13 /* Release */,
			);
			defaultConfigurationIsVisible = 0;
			defaultConfigurationName = Release;
		};
		EDE72A4E2DFA1E9900275A0D /* Build configuration list for PBXProject "YP_Tracker" */ = {
			isa = XCConfigurationList;
			buildConfigurations = (
				EDE72A692DFA1E9B00275A0D /* Debug */,
				EDE72A6A2DFA1E9B00275A0D /* Release */,
			);
			defaultConfigurationIsVisible = 0;
			defaultConfigurationName = Release;
		};
		EDE72A662DFA1E9B00275A0D /* Build configuration list for PBXNativeTarget "YP_Tracker" */ = {
			isa = XCConfigurationList;
			buildConfigurations = (
				EDE72A672DFA1E9B00275A0D /* Debug */,
				EDE72A682DFA1E9B00275A0D /* Release */,
			);
			defaultConfigurationIsVisible = 0;
			defaultConfigurationName = Release;
		};
/* End XCConfigurationList section */

/* Begin XCRemoteSwiftPackageReference section */
		ED7BF6A82E28BB10001B1A13 /* XCRemoteSwiftPackageReference "swift-snapshot-testing" */ = {
			isa = XCRemoteSwiftPackageReference;
			repositoryURL = "https://github.com/pointfreeco/swift-snapshot-testing";
			requirement = {
				kind = upToNextMajorVersion;
				minimumVersion = 1.18.4;
			};
		};
/* End XCRemoteSwiftPackageReference section */

/* Begin XCSwiftPackageProductDependency section */
		ED7BF6A92E28BB10001B1A13 /* InlineSnapshotTesting */ = {
			isa = XCSwiftPackageProductDependency;
			package = ED7BF6A82E28BB10001B1A13 /* XCRemoteSwiftPackageReference "swift-snapshot-testing" */;
			productName = InlineSnapshotTesting;
		};
		ED7BF6AB2E28BB10001B1A13 /* SnapshotTesting */ = {
			isa = XCSwiftPackageProductDependency;
			package = ED7BF6A82E28BB10001B1A13 /* XCRemoteSwiftPackageReference "swift-snapshot-testing" */;
			productName = SnapshotTesting;
		};
		ED7BF6AD2E28BB10001B1A13 /* SnapshotTestingCustomDump */ = {
			isa = XCSwiftPackageProductDependency;
			package = ED7BF6A82E28BB10001B1A13 /* XCRemoteSwiftPackageReference "swift-snapshot-testing" */;
			productName = SnapshotTestingCustomDump;
		};
/* End XCSwiftPackageProductDependency section */
	};
	rootObject = EDE72A4B2DFA1E9900275A0D /* Project object */;
}
